
Microsoft Visual Studio Solution File, Format Version 12.00
# Visual Studio Version 17
VisualStudioVersion = 17.10.35013.160
MinimumVisualStudioVersion = 10.0.40219.1
Project("{9A19103F-16F7-4668-BE54-9A1E7A4F7556}") = "WebShopApp-Maui", "WebShopApp-Maui\WebShopApp-Maui.csproj", "{8C03543B-64B5-460B-A8B7-443906504BC6}"
EndProject
Project("{9A19103F-16F7-4668-BE54-9A1E7A4F7556}") = "WebShopApp-Blazor", "WebShopApp-Blazor\WebShopApp-Blazor.csproj", "{93D0336D-CBE2-42BE-B46C-A968BF0D1BB6}"
EndProject
Project("{9A19103F-16F7-4668-BE54-9A1E7A4F7556}") = "WebShopApp-API", "WebShopApp-API\WebShopApp-API.csproj", "{C374D5EB-1749-40D7-9EA4-7CBF5B29795F}"
EndProject
Project("{FAE04EC0-301F-11D3-BF4B-00C04F79EFBC}") = "WebShopApp-CL", "WebShopApp-CL\WebShopApp-CL.csproj", "{29C53570-D9D7-456E-9ACC-17E3E9949ACF}"
EndProject
Global
	GlobalSection(SolutionConfigurationPlatforms) = preSolution
		Debug|Any CPU = Debug|Any CPU
		Release|Any CPU = Release|Any CPU
	EndGlobalSection
	GlobalSection(ProjectConfigurationPlatforms) = postSolution
		{8C03543B-64B5-460B-A8B7-443906504BC6}.Debug|Any CPU.ActiveCfg = Debug|Any CPU
		{8C03543B-64B5-460B-A8B7-443906504BC6}.Debug|Any CPU.Build.0 = Debug|Any CPU
		{8C03543B-64B5-460B-A8B7-443906504BC6}.Debug|Any CPU.Deploy.0 = Debug|Any CPU
		{8C03543B-64B5-460B-A8B7-443906504BC6}.Release|Any CPU.ActiveCfg = Release|Any CPU
		{8C03543B-64B5-460B-A8B7-443906504BC6}.Release|Any CPU.Build.0 = Release|Any CPU
		{8C03543B-64B5-460B-A8B7-443906504BC6}.Release|Any CPU.Deploy.0 = Release|Any CPU
		{93D0336D-CBE2-42BE-B46C-A968BF0D1BB6}.Debug|Any CPU.ActiveCfg = Debug|Any CPU
		{93D0336D-CBE2-42BE-B46C-A968BF0D1BB6}.Debug|Any CPU.Build.0 = Debug|Any CPU
		{93D0336D-CBE2-42BE-B46C-A968BF0D1BB6}.Release|Any CPU.ActiveCfg = Release|Any CPU
		{93D0336D-CBE2-42BE-B46C-A968BF0D1BB6}.Release|Any CPU.Build.0 = Release|Any CPU
		{C374D5EB-1749-40D7-9EA4-7CBF5B29795F}.Debug|Any CPU.ActiveCfg = Debug|Any CPU
		{C374D5EB-1749-40D7-9EA4-7CBF5B29795F}.Debug|Any CPU.Build.0 = Debug|Any CPU
		{C374D5EB-1749-40D7-9EA4-7CBF5B29795F}.Release|Any CPU.ActiveCfg = Release|Any CPU
		{C374D5EB-1749-40D7-9EA4-7CBF5B29795F}.Release|Any CPU.Build.0 = Release|Any CPU
		{29C53570-D9D7-456E-9ACC-17E3E9949ACF}.Debug|Any CPU.ActiveCfg = Debug|Any CPU
		{29C53570-D9D7-456E-9ACC-17E3E9949ACF}.Debug|Any CPU.Build.0 = Debug|Any CPU
		{29C53570-D9D7-456E-9ACC-17E3E9949ACF}.Release|Any CPU.ActiveCfg = Release|Any CPU
		{29C53570-D9D7-456E-9ACC-17E3E9949ACF}.Release|Any CPU.Build.0 = Release|Any CPU
	EndGlobalSection
	GlobalSection(SolutionProperties) = preSolution
		HideSolutionNode = FALSE
	EndGlobalSection
	GlobalSection(ExtensibilityGlobals) = postSolution
		SolutionGuid = {BD331081-2C0B-48FD-A30F-F3401852CA39}
	EndGlobalSection
EndGlobal
